
Microsoft Visual Studio Solution File, Format Version 12.00
# Visual Studio Version 17
VisualStudioVersion = 17.3.32811.315
MinimumVisualStudioVersion = 10.0.40219.1
Project("{9A19103F-16F7-4668-BE54-9A1E7A4F7556}") = "Eschody.Infrascructure", "Eschody.Infrascructure\Eschody.Infrascructure.csproj", "{02BFC5CA-B9A0-4318-B106-6E0F0C2CE3C1}"
EndProject
Project("{9A19103F-16F7-4668-BE54-9A1E7A4F7556}") = "Eschody.Domain", "Eschody.Domain\Eschody.Domain.csproj", "{4FCBED42-3899-418D-B87E-76E1174C7F50}"
EndProject
Project("{2150E333-8FDC-42A3-9474-1A3956D46DE8}") = "Testes", "Testes", "{871FF56A-81E1-4432-8097-35D5F572F3E7}"
EndProject
Project("{9A19103F-16F7-4668-BE54-9A1E7A4F7556}") = "Eschody.Domain.Tests", "Eschody.Domain.Tests\Eschody.Domain.Tests.csproj", "{7BD6860B-5CE0-45EA-ACDB-8C2B0DD95E13}"
EndProject
Project("{9A19103F-16F7-4668-BE54-9A1E7A4F7556}") = "Eschody.Application", "Eschody.Application\Eschody.Application.csproj", "{467391A5-AA86-4857-A53F-CDB0AD67856D}"
EndProject
Project("{9A19103F-16F7-4668-BE54-9A1E7A4F7556}") = "Eschody.Flunt", "Eschody.Flunt\Eschody.Flunt.csproj", "{6A9689A9-9E55-4C75-95CF-24D6F909D69B}"
EndProject
Project("{9A19103F-16F7-4668-BE54-9A1E7A4F7556}") = "Eschody.Services", "Eschody.Services\Eschody.Services.csproj", "{12441E17-12FF-49D5-B788-71163891C0E1}"
EndProject
Project("{FAE04EC0-301F-11D3-BF4B-00C04F79EFBC}") = "Eschody.Services.Tests", "Eschody.Services.Tests\Eschody.Services.Tests.csproj", "{61535772-2A24-4540-A19C-27829340A53A}"
EndProject
Global
	GlobalSection(SolutionConfigurationPlatforms) = preSolution
		Debug|Any CPU = Debug|Any CPU
		Release|Any CPU = Release|Any CPU
	EndGlobalSection
	GlobalSection(ProjectConfigurationPlatforms) = postSolution
		{02BFC5CA-B9A0-4318-B106-6E0F0C2CE3C1}.Debug|Any CPU.ActiveCfg = Debug|Any CPU
		{02BFC5CA-B9A0-4318-B106-6E0F0C2CE3C1}.Debug|Any CPU.Build.0 = Debug|Any CPU
		{02BFC5CA-B9A0-4318-B106-6E0F0C2CE3C1}.Release|Any CPU.ActiveCfg = Release|Any CPU
		{02BFC5CA-B9A0-4318-B106-6E0F0C2CE3C1}.Release|Any CPU.Build.0 = Release|Any CPU
		{4FCBED42-3899-418D-B87E-76E1174C7F50}.Debug|Any CPU.ActiveCfg = Debug|Any CPU
		{4FCBED42-3899-418D-B87E-76E1174C7F50}.Debug|Any CPU.Build.0 = Debug|Any CPU
		{4FCBED42-3899-418D-B87E-76E1174C7F50}.Release|Any CPU.ActiveCfg = Release|Any CPU
		{4FCBED42-3899-418D-B87E-76E1174C7F50}.Release|Any CPU.Build.0 = Release|Any CPU
		{7BD6860B-5CE0-45EA-ACDB-8C2B0DD95E13}.Debug|Any CPU.ActiveCfg = Debug|Any CPU
		{7BD6860B-5CE0-45EA-ACDB-8C2B0DD95E13}.Debug|Any CPU.Build.0 = Debug|Any CPU
		{7BD6860B-5CE0-45EA-ACDB-8C2B0DD95E13}.Release|Any CPU.ActiveCfg = Release|Any CPU
		{7BD6860B-5CE0-45EA-ACDB-8C2B0DD95E13}.Release|Any CPU.Build.0 = Release|Any CPU
		{467391A5-AA86-4857-A53F-CDB0AD67856D}.Debug|Any CPU.ActiveCfg = Debug|Any CPU
		{467391A5-AA86-4857-A53F-CDB0AD67856D}.Debug|Any CPU.Build.0 = Debug|Any CPU
		{467391A5-AA86-4857-A53F-CDB0AD67856D}.Release|Any CPU.ActiveCfg = Release|Any CPU
		{467391A5-AA86-4857-A53F-CDB0AD67856D}.Release|Any CPU.Build.0 = Release|Any CPU
		{6A9689A9-9E55-4C75-95CF-24D6F909D69B}.Debug|Any CPU.ActiveCfg = Debug|Any CPU
		{6A9689A9-9E55-4C75-95CF-24D6F909D69B}.Debug|Any CPU.Build.0 = Debug|Any CPU
		{6A9689A9-9E55-4C75-95CF-24D6F909D69B}.Release|Any CPU.ActiveCfg = Release|Any CPU
		{6A9689A9-9E55-4C75-95CF-24D6F909D69B}.Release|Any CPU.Build.0 = Release|Any CPU
		{12441E17-12FF-49D5-B788-71163891C0E1}.Debug|Any CPU.ActiveCfg = Debug|Any CPU
		{12441E17-12FF-49D5-B788-71163891C0E1}.Debug|Any CPU.Build.0 = Debug|Any CPU
		{12441E17-12FF-49D5-B788-71163891C0E1}.Release|Any CPU.ActiveCfg = Release|Any CPU
		{12441E17-12FF-49D5-B788-71163891C0E1}.Release|Any CPU.Build.0 = Release|Any CPU
		{61535772-2A24-4540-A19C-27829340A53A}.Debug|Any CPU.ActiveCfg = Debug|Any CPU
		{61535772-2A24-4540-A19C-27829340A53A}.Debug|Any CPU.Build.0 = Debug|Any CPU
		{61535772-2A24-4540-A19C-27829340A53A}.Release|Any CPU.ActiveCfg = Release|Any CPU
		{61535772-2A24-4540-A19C-27829340A53A}.Release|Any CPU.Build.0 = Release|Any CPU
	EndGlobalSection
	GlobalSection(SolutionProperties) = preSolution
		HideSolutionNode = FALSE
	EndGlobalSection
	GlobalSection(NestedProjects) = preSolution
		{7BD6860B-5CE0-45EA-ACDB-8C2B0DD95E13} = {871FF56A-81E1-4432-8097-35D5F572F3E7}
		{61535772-2A24-4540-A19C-27829340A53A} = {871FF56A-81E1-4432-8097-35D5F572F3E7}
	EndGlobalSection
	GlobalSection(ExtensibilityGlobals) = postSolution
		SolutionGuid = {5F48A96B-01D9-4099-A485-EB2ADA1EE6F6}
	EndGlobalSection
EndGlobal
